
Microsoft Visual Studio Solution File, Format Version 12.00
Project("{FAE04EC0-301F-11D3-BF4B-00C04F79EFBC}") = "Framework", "Framework\Framework.csproj", "{D4E912C2-A5A9-4283-972C-C16E0E9E34EB}"
EndProject
Project("{FAE04EC0-301F-11D3-BF4B-00C04F79EFBC}") = "API", "API\API.csproj", "{A3BAD61C-CD1F-42D1-A3E7-B55F0B24D126}"
EndProject
Project("{FAE04EC0-301F-11D3-BF4B-00C04F79EFBC}") = "Database", "Database\Database.csproj", "{47EE8A5B-0526-4B48-8BE9-BC2550EDC927}"
EndProject
Project("{FAE04EC0-301F-11D3-BF4B-00C04F79EFBC}") = "Models", "Models\Models.csproj", "{33C1F162-2D62-4F84-93FD-5BABC64D7E8B}"
EndProject
Project("{FAE04EC0-301F-11D3-BF4B-00C04F79EFBC}") = "Handlers", "Handlers\Handlers.csproj", "{5219202B-2F53-4B9E-84C1-B74C4138EE79}"
EndProject
Project("{FAE04EC0-301F-11D3-BF4B-00C04F79EFBC}") = "Codes", "Codes\Codes.csproj", "{FD4EBDED-0402-4A97-ADA5-1FBA3CE0EF88}"
EndProject
Project("{FAE04EC0-301F-11D3-BF4B-00C04F79EFBC}") = "Contracts", "Contracts\Contracts.csproj", "{512338AD-17B3-4FF3-ACAE-1F76A5F23E04}"
EndProject
Global
	GlobalSection(SolutionConfigurationPlatforms) = preSolution
		Debug|Any CPU = Debug|Any CPU
		Debug|x64 = Debug|x64
		Debug|x86 = Debug|x86
		Release|Any CPU = Release|Any CPU
		Release|x64 = Release|x64
		Release|x86 = Release|x86
	EndGlobalSection
	GlobalSection(ProjectConfigurationPlatforms) = postSolution
		{D4E912C2-A5A9-4283-972C-C16E0E9E34EB}.Debug|Any CPU.ActiveCfg = Debug|Any CPU
		{D4E912C2-A5A9-4283-972C-C16E0E9E34EB}.Debug|Any CPU.Build.0 = Debug|Any CPU
		{D4E912C2-A5A9-4283-972C-C16E0E9E34EB}.Debug|x64.ActiveCfg = Debug|Any CPU
		{D4E912C2-A5A9-4283-972C-C16E0E9E34EB}.Debug|x64.Build.0 = Debug|Any CPU
		{D4E912C2-A5A9-4283-972C-C16E0E9E34EB}.Debug|x86.ActiveCfg = Debug|Any CPU
		{D4E912C2-A5A9-4283-972C-C16E0E9E34EB}.Debug|x86.Build.0 = Debug|Any CPU
		{D4E912C2-A5A9-4283-972C-C16E0E9E34EB}.Release|Any CPU.ActiveCfg = Release|Any CPU
		{D4E912C2-A5A9-4283-972C-C16E0E9E34EB}.Release|Any CPU.Build.0 = Release|Any CPU
		{D4E912C2-A5A9-4283-972C-C16E0E9E34EB}.Release|x64.ActiveCfg = Release|Any CPU
		{D4E912C2-A5A9-4283-972C-C16E0E9E34EB}.Release|x64.Build.0 = Release|Any CPU
		{D4E912C2-A5A9-4283-972C-C16E0E9E34EB}.Release|x86.ActiveCfg = Release|Any CPU
		{D4E912C2-A5A9-4283-972C-C16E0E9E34EB}.Release|x86.Build.0 = Release|Any CPU
		{A3BAD61C-CD1F-42D1-A3E7-B55F0B24D126}.Debug|Any CPU.ActiveCfg = Debug|Any CPU
		{A3BAD61C-CD1F-42D1-A3E7-B55F0B24D126}.Debug|Any CPU.Build.0 = Debug|Any CPU
		{A3BAD61C-CD1F-42D1-A3E7-B55F0B24D126}.Debug|x64.ActiveCfg = Debug|Any CPU
		{A3BAD61C-CD1F-42D1-A3E7-B55F0B24D126}.Debug|x64.Build.0 = Debug|Any CPU
		{A3BAD61C-CD1F-42D1-A3E7-B55F0B24D126}.Debug|x86.ActiveCfg = Debug|Any CPU
		{A3BAD61C-CD1F-42D1-A3E7-B55F0B24D126}.Debug|x86.Build.0 = Debug|Any CPU
		{A3BAD61C-CD1F-42D1-A3E7-B55F0B24D126}.Release|Any CPU.ActiveCfg = Release|Any CPU
		{A3BAD61C-CD1F-42D1-A3E7-B55F0B24D126}.Release|Any CPU.Build.0 = Release|Any CPU
		{A3BAD61C-CD1F-42D1-A3E7-B55F0B24D126}.Release|x64.ActiveCfg = Release|Any CPU
		{A3BAD61C-CD1F-42D1-A3E7-B55F0B24D126}.Release|x64.Build.0 = Release|Any CPU
		{A3BAD61C-CD1F-42D1-A3E7-B55F0B24D126}.Release|x86.ActiveCfg = Release|Any CPU
		{A3BAD61C-CD1F-42D1-A3E7-B55F0B24D126}.Release|x86.Build.0 = Release|Any CPU
		{47EE8A5B-0526-4B48-8BE9-BC2550EDC927}.Debug|Any CPU.ActiveCfg = Debug|Any CPU
		{47EE8A5B-0526-4B48-8BE9-BC2550EDC927}.Debug|Any CPU.Build.0 = Debug|Any CPU
		{47EE8A5B-0526-4B48-8BE9-BC2550EDC927}.Debug|x64.ActiveCfg = Debug|Any CPU
		{47EE8A5B-0526-4B48-8BE9-BC2550EDC927}.Debug|x64.Build.0 = Debug|Any CPU
		{47EE8A5B-0526-4B48-8BE9-BC2550EDC927}.Debug|x86.ActiveCfg = Debug|Any CPU
		{47EE8A5B-0526-4B48-8BE9-BC2550EDC927}.Debug|x86.Build.0 = Debug|Any CPU
		{47EE8A5B-0526-4B48-8BE9-BC2550EDC927}.Release|Any CPU.ActiveCfg = Release|Any CPU
		{47EE8A5B-0526-4B48-8BE9-BC2550EDC927}.Release|Any CPU.Build.0 = Release|Any CPU
		{47EE8A5B-0526-4B48-8BE9-BC2550EDC927}.Release|x64.ActiveCfg = Release|Any CPU
		{47EE8A5B-0526-4B48-8BE9-BC2550EDC927}.Release|x64.Build.0 = Release|Any CPU
		{47EE8A5B-0526-4B48-8BE9-BC2550EDC927}.Release|x86.ActiveCfg = Release|Any CPU
		{47EE8A5B-0526-4B48-8BE9-BC2550EDC927}.Release|x86.Build.0 = Release|Any CPU
		{33C1F162-2D62-4F84-93FD-5BABC64D7E8B}.Debug|Any CPU.ActiveCfg = Debug|Any CPU
		{33C1F162-2D62-4F84-93FD-5BABC64D7E8B}.Debug|Any CPU.Build.0 = Debug|Any CPU
		{33C1F162-2D62-4F84-93FD-5BABC64D7E8B}.Debug|x64.ActiveCfg = Debug|Any CPU
		{33C1F162-2D62-4F84-93FD-5BABC64D7E8B}.Debug|x64.Build.0 = Debug|Any CPU
		{33C1F162-2D62-4F84-93FD-5BABC64D7E8B}.Debug|x86.ActiveCfg = Debug|Any CPU
		{33C1F162-2D62-4F84-93FD-5BABC64D7E8B}.Debug|x86.Build.0 = Debug|Any CPU
		{33C1F162-2D62-4F84-93FD-5BABC64D7E8B}.Release|Any CPU.ActiveCfg = Release|Any CPU
		{33C1F162-2D62-4F84-93FD-5BABC64D7E8B}.Release|Any CPU.Build.0 = Release|Any CPU
		{33C1F162-2D62-4F84-93FD-5BABC64D7E8B}.Release|x64.ActiveCfg = Release|Any CPU
		{33C1F162-2D62-4F84-93FD-5BABC64D7E8B}.Release|x64.Build.0 = Release|Any CPU
		{33C1F162-2D62-4F84-93FD-5BABC64D7E8B}.Release|x86.ActiveCfg = Release|Any CPU
		{33C1F162-2D62-4F84-93FD-5BABC64D7E8B}.Release|x86.Build.0 = Release|Any CPU
		{5219202B-2F53-4B9E-84C1-B74C4138EE79}.Debug|Any CPU.ActiveCfg = Debug|Any CPU
		{5219202B-2F53-4B9E-84C1-B74C4138EE79}.Debug|Any CPU.Build.0 = Debug|Any CPU
		{5219202B-2F53-4B9E-84C1-B74C4138EE79}.Debug|x64.ActiveCfg = Debug|Any CPU
		{5219202B-2F53-4B9E-84C1-B74C4138EE79}.Debug|x64.Build.0 = Debug|Any CPU
		{5219202B-2F53-4B9E-84C1-B74C4138EE79}.Debug|x86.ActiveCfg = Debug|Any CPU
		{5219202B-2F53-4B9E-84C1-B74C4138EE79}.Debug|x86.Build.0 = Debug|Any CPU
		{5219202B-2F53-4B9E-84C1-B74C4138EE79}.Release|Any CPU.ActiveCfg = Release|Any CPU
		{5219202B-2F53-4B9E-84C1-B74C4138EE79}.Release|Any CPU.Build.0 = Release|Any CPU
		{5219202B-2F53-4B9E-84C1-B74C4138EE79}.Release|x64.ActiveCfg = Release|Any CPU
		{5219202B-2F53-4B9E-84C1-B74C4138EE79}.Release|x64.Build.0 = Release|Any CPU
		{5219202B-2F53-4B9E-84C1-B74C4138EE79}.Release|x86.ActiveCfg = Release|Any CPU
		{5219202B-2F53-4B9E-84C1-B74C4138EE79}.Release|x86.Build.0 = Release|Any CPU
		{FD4EBDED-0402-4A97-ADA5-1FBA3CE0EF88}.Debug|Any CPU.ActiveCfg = Debug|Any CPU
		{FD4EBDED-0402-4A97-ADA5-1FBA3CE0EF88}.Debug|Any CPU.Build.0 = Debug|Any CPU
		{FD4EBDED-0402-4A97-ADA5-1FBA3CE0EF88}.Debug|x64.ActiveCfg = Debug|Any CPU
		{FD4EBDED-0402-4A97-ADA5-1FBA3CE0EF88}.Debug|x64.Build.0 = Debug|Any CPU
		{FD4EBDED-0402-4A97-ADA5-1FBA3CE0EF88}.Debug|x86.ActiveCfg = Debug|Any CPU
		{FD4EBDED-0402-4A97-ADA5-1FBA3CE0EF88}.Debug|x86.Build.0 = Debug|Any CPU
		{FD4EBDED-0402-4A97-ADA5-1FBA3CE0EF88}.Release|Any CPU.ActiveCfg = Release|Any CPU
		{FD4EBDED-0402-4A97-ADA5-1FBA3CE0EF88}.Release|Any CPU.Build.0 = Release|Any CPU
		{FD4EBDED-0402-4A97-ADA5-1FBA3CE0EF88}.Release|x64.ActiveCfg = Release|Any CPU
		{FD4EBDED-0402-4A97-ADA5-1FBA3CE0EF88}.Release|x64.Build.0 = Release|Any CPU
		{FD4EBDED-0402-4A97-ADA5-1FBA3CE0EF88}.Release|x86.ActiveCfg = Release|Any CPU
		{FD4EBDED-0402-4A97-ADA5-1FBA3CE0EF88}.Release|x86.Build.0 = Release|Any CPU
		{512338AD-17B3-4FF3-ACAE-1F76A5F23E04}.Debug|Any CPU.ActiveCfg = Debug|Any CPU
		{512338AD-17B3-4FF3-ACAE-1F76A5F23E04}.Debug|Any CPU.Build.0 = Debug|Any CPU
		{512338AD-17B3-4FF3-ACAE-1F76A5F23E04}.Debug|x64.ActiveCfg = Debug|Any CPU
		{512338AD-17B3-4FF3-ACAE-1F76A5F23E04}.Debug|x64.Build.0 = Debug|Any CPU
		{512338AD-17B3-4FF3-ACAE-1F76A5F23E04}.Debug|x86.ActiveCfg = Debug|Any CPU
		{512338AD-17B3-4FF3-ACAE-1F76A5F23E04}.Debug|x86.Build.0 = Debug|Any CPU
		{512338AD-17B3-4FF3-ACAE-1F76A5F23E04}.Release|Any CPU.ActiveCfg = Release|Any CPU
		{512338AD-17B3-4FF3-ACAE-1F76A5F23E04}.Release|Any CPU.Build.0 = Release|Any CPU
		{512338AD-17B3-4FF3-ACAE-1F76A5F23E04}.Release|x64.ActiveCfg = Release|Any CPU
		{512338AD-17B3-4FF3-ACAE-1F76A5F23E04}.Release|x64.Build.0 = Release|Any CPU
		{512338AD-17B3-4FF3-ACAE-1F76A5F23E04}.Release|x86.ActiveCfg = Release|Any CPU
		{512338AD-17B3-4FF3-ACAE-1F76A5F23E04}.Release|x86.Build.0 = Release|Any CPU
	EndGlobalSection
	GlobalSection(SolutionProperties) = preSolution
		HideSolutionNode = FALSE
	EndGlobalSection
EndGlobal
